
Microsoft Visual Studio Solution File, Format Version 12.00
# Visual Studio Version 17
VisualStudioVersion = 17.8.34525.116
MinimumVisualStudioVersion = 10.0.40219.1
Project("{9A19103F-16F7-4668-BE54-9A1E7A4F7556}") = "REviewer", "REviewer\REviewer.csproj", "{1545AB6B-539C-4CF6-9EE0-BDB91B5524E6}"
EndProject
Project("{FAE04EC0-301F-11D3-BF4B-00C04F79EFBC}") = "REviewer.Tests", "REviewer.Tests\REviewer.Tests.csproj", "{9700FC20-1D91-4E64-B453-E67ABCD3F73A}"
EndProject
Project("{FAE04EC0-301F-11D3-BF4B-00C04F79EFBC}") = "REviewer.TestRunner", "REviewer.TestRunner\REviewer.TestRunner.csproj", "{57C817DC-48B5-4CE1-89ED-5503C75BCBE4}"
EndProject
Global
	GlobalSection(SolutionConfigurationPlatforms) = preSolution
		Debug|Any CPU = Debug|Any CPU
		Debug|x86 = Debug|x86
		Debug|x64 = Debug|x64
		Release|Any CPU = Release|Any CPU
		Release|x86 = Release|x86
		Release|x64 = Release|x64
	EndGlobalSection
	GlobalSection(ProjectConfigurationPlatforms) = postSolution
		{1545AB6B-539C-4CF6-9EE0-BDB91B5524E6}.Debug|Any CPU.ActiveCfg = Debug|Any CPU
		{1545AB6B-539C-4CF6-9EE0-BDB91B5524E6}.Debug|Any CPU.Build.0 = Debug|Any CPU
		{1545AB6B-539C-4CF6-9EE0-BDB91B5524E6}.Debug|x86.ActiveCfg = Debug|x86
		{1545AB6B-539C-4CF6-9EE0-BDB91B5524E6}.Debug|x86.Build.0 = Debug|x86
		{1545AB6B-539C-4CF6-9EE0-BDB91B5524E6}.Debug|x64.ActiveCfg = Debug|Any CPU
		{1545AB6B-539C-4CF6-9EE0-BDB91B5524E6}.Debug|x64.Build.0 = Debug|Any CPU
		{1545AB6B-539C-4CF6-9EE0-BDB91B5524E6}.Release|Any CPU.ActiveCfg = Release|Any CPU
		{1545AB6B-539C-4CF6-9EE0-BDB91B5524E6}.Release|Any CPU.Build.0 = Release|Any CPU
		{1545AB6B-539C-4CF6-9EE0-BDB91B5524E6}.Release|x86.ActiveCfg = Release|x86
		{1545AB6B-539C-4CF6-9EE0-BDB91B5524E6}.Release|x86.Build.0 = Release|x86
		{1545AB6B-539C-4CF6-9EE0-BDB91B5524E6}.Release|x64.ActiveCfg = Release|Any CPU
		{1545AB6B-539C-4CF6-9EE0-BDB91B5524E6}.Release|x64.Build.0 = Release|Any CPU
		{9700FC20-1D91-4E64-B453-E67ABCD3F73A}.Debug|Any CPU.ActiveCfg = Debug|Any CPU
		{9700FC20-1D91-4E64-B453-E67ABCD3F73A}.Debug|Any CPU.Build.0 = Debug|Any CPU
		{9700FC20-1D91-4E64-B453-E67ABCD3F73A}.Debug|x86.ActiveCfg = Debug|Any CPU
		{9700FC20-1D91-4E64-B453-E67ABCD3F73A}.Debug|x86.Build.0 = Debug|Any CPU
		{9700FC20-1D91-4E64-B453-E67ABCD3F73A}.Debug|x64.ActiveCfg = Debug|Any CPU
		{9700FC20-1D91-4E64-B453-E67ABCD3F73A}.Debug|x64.Build.0 = Debug|Any CPU
		{9700FC20-1D91-4E64-B453-E67ABCD3F73A}.Release|Any CPU.ActiveCfg = Release|Any CPU
		{9700FC20-1D91-4E64-B453-E67ABCD3F73A}.Release|Any CPU.Build.0 = Release|Any CPU
		{9700FC20-1D91-4E64-B453-E67ABCD3F73A}.Release|x86.ActiveCfg = Release|Any CPU
		{9700FC20-1D91-4E64-B453-E67ABCD3F73A}.Release|x86.Build.0 = Release|Any CPU
		{9700FC20-1D91-4E64-B453-E67ABCD3F73A}.Release|x64.ActiveCfg = Release|Any CPU
		{9700FC20-1D91-4E64-B453-E67ABCD3F73A}.Release|x64.Build.0 = Release|Any CPU
		{57C817DC-48B5-4CE1-89ED-5503C75BCBE4}.Debug|Any CPU.ActiveCfg = Debug|Any CPU
		{57C817DC-48B5-4CE1-89ED-5503C75BCBE4}.Debug|Any CPU.Build.0 = Debug|Any CPU
		{57C817DC-48B5-4CE1-89ED-5503C75BCBE4}.Debug|x86.ActiveCfg = Debug|Any CPU
		{57C817DC-48B5-4CE1-89ED-5503C75BCBE4}.Debug|x86.Build.0 = Debug|Any CPU
		{57C817DC-48B5-4CE1-89ED-5503C75BCBE4}.Debug|x64.ActiveCfg = Debug|Any CPU
		{57C817DC-48B5-4CE1-89ED-5503C75BCBE4}.Debug|x64.Build.0 = Debug|Any CPU
		{57C817DC-48B5-4CE1-89ED-5503C75BCBE4}.Release|Any CPU.ActiveCfg = Release|Any CPU
		{57C817DC-48B5-4CE1-89ED-5503C75BCBE4}.Release|Any CPU.Build.0 = Release|Any CPU
		{57C817DC-48B5-4CE1-89ED-5503C75BCBE4}.Release|x86.ActiveCfg = Release|Any CPU
		{57C817DC-48B5-4CE1-89ED-5503C75BCBE4}.Release|x86.Build.0 = Release|Any CPU
		{57C817DC-48B5-4CE1-89ED-5503C75BCBE4}.Release|x64.ActiveCfg = Release|Any CPU
		{57C817DC-48B5-4CE1-89ED-5503C75BCBE4}.Release|x64.Build.0 = Release|Any CPU
	EndGlobalSection
	GlobalSection(SolutionProperties) = preSolution
		HideSolutionNode = FALSE
	EndGlobalSection
	GlobalSection(ExtensibilityGlobals) = postSolution
		SolutionGuid = {5ED6BEBE-2440-4D2A-B8F5-09977886AD1F}
	EndGlobalSection
EndGlobal
